{
  "name": "event-listings",
  "version": "1.0.0",
  "lockfileVersion": 1,
  "requires": true,
  "dependencies": {
    "ical": {
      "version": "0.8.0",
      "resolved": "https://registry.npmjs.org/ical/-/ical-0.8.0.tgz",
      "integrity": "sha512-/viUSb/RGLLnlgm0lWRlPBtVeQguQRErSPYl3ugnUaKUnzQswKqOG3M8/P1v1AB5NJwlHTuvTq1cs4mpeG2rCg==",
      "requires": {
        "rrule": "2.4.1"
      },
      "dependencies": {
        "rrule": {
          "version": "2.4.1",
          "resolved": "https://registry.npmjs.org/rrule/-/rrule-2.4.1.tgz",
          "integrity": "sha512-+NcvhETefswZq13T8nkuEnnQ6YgUeZaqMqVbp+ZiFDPCbp3AVgQIwUvNVDdMNrP05bKZG9ddDULFp0qZZYDrxg==",
          "requires": {
            "luxon": "1.28.1"
          }
        }
      }
    },
    "luxon": {
      "version": "1.28.1",
      "resolved": "https://registry.npmjs.org/luxon/-/luxon-1.28.1.tgz",
      "integrity": "sha512-gYHAa180mKrNIUJCbwpmD0aTu9kV0dREDrwNnuyFAsO1Wt0EVYSZelPnJlbj9HplzXX/YWXHFTL45kvZ53M0pw==",
      "optional": true
    },
    "node-fetch": {
      "version": "2.7.0",
      "resolved": "https://registry.npmjs.org/node-fetch/-/node-fetch-2.7.0.tgz",
      "integrity": "sha512-c4FRfUm/dbcWZ7U+1Wq0AwCyFL+3nt2bEw05wfxSz+DWpWsitgmSgYmy2dQdWyKC1694ELPqMs/YzUSNozLt8A==",
      "requires": {
        "whatwg-url": "5.0.0"
      }
    },
    "rrule": {
      "version": "2.8.1",
      "resolved": "https://registry.npmjs.org/rrule/-/rrule-2.8.1.tgz",
      "integrity": "sha512-hM3dHSBMeaJ0Ktp7W38BJZ7O1zOgaFEsn41PDk+yHoEtfLV+PoJt9E9xAlZiWgf/iqEqionN0ebHFZIDAp+iGw==",
      "requires": {
        "tslib": "2.8.1"
      }
    },
    "tr46": {
      "version": "0.0.3",
      "resolved": "https://registry.npmjs.org/tr46/-/tr46-0.0.3.tgz",
      "integrity": "sha512-N3WMsuqV66lT30CrXNbEjx4GEwlow3v6rr4mCcv6prnfwhS01rkgyFdjPNBYd9br7LpXV1+Emh01fHnq2Gdgrw=="
    },
    "tslib": {
      "version": "2.8.1",
      "resolved": "https://registry.npmjs.org/tslib/-/tslib-2.8.1.tgz",
      "integrity": "sha512-oJFu94HQb+KVduSUQL7wnpmqnfmLsOA/nAh6b6EH0wCEoK0/mPeXU6c3wKDV83MkOuHPRHtSXKKU99IBazS/2w=="
    },
    "webidl-conversions": {
      "version": "3.0.1",
      "resolved": "https://registry.npmjs.org/webidl-conversions/-/webidl-conversions-3.0.1.tgz",
      "integrity": "sha512-2JAn3z8AR6rjK8Sm8orRC0h/bcl/DqL7tRPdGZ4I1CjdF+EaMLmYxBHyXuKL849eucPFhvBoxMsflfOb8kxaeQ=="
    },
    "whatwg-url": {
      "version": "5.0.0",
      "resolved": "https://registry.npmjs.org/whatwg-url/-/whatwg-url-5.0.0.tgz",
      "integrity": "sha512-saE57nupxk6v3HY35+jzBwYa0rKSy0XR8JSxZPwgLr7ys0IBzhGviA1/TUGJLmSVqs8pb9AnvICXEuOHLprYTw==",
      "requires": {
        "tr46": "0.0.3",
        "webidl-conversions": "3.0.1"
      }
    }
  }
}
